
Microsoft Visual Studio Solution File, Format Version 12.00
# Visual Studio 15
VisualStudioVersion = 15.0.27428.2037
MinimumVisualStudioVersion = 10.0.40219.1
Project("{FAE04EC0-301F-11D3-BF4B-00C04F79EFBC}") = "ObserverWPF", "ObserverWPF\ObserverWPF.csproj", "{43247A35-8602-474A-AA9A-E04F3EE7E473}"
EndProject
Global
	GlobalSection(SolutionConfigurationPlatforms) = preSolution
		Debug|Any CPU = Debug|Any CPU
		Release|Any CPU = Release|Any CPU
	EndGlobalSection
	GlobalSection(ProjectConfigurationPlatforms) = postSolution
		{43247A35-8602-474A-AA9A-E04F3EE7E473}.Debug|Any CPU.ActiveCfg = Debug|Any CPU
		{43247A35-8602-474A-AA9A-E04F3EE7E473}.Debug|Any CPU.Build.0 = Debug|Any CPU
		{43247A35-8602-474A-AA9A-E04F3EE7E473}.Release|Any CPU.ActiveCfg = Release|Any CPU
		{43247A35-8602-474A-AA9A-E04F3EE7E473}.Release|Any CPU.Build.0 = Release|Any CPU
	EndGlobalSection
	GlobalSection(SolutionProperties) = preSolution
		HideSolutionNode = FALSE
	EndGlobalSection
	GlobalSection(ExtensibilityGlobals) = postSolution
		SolutionGuid = {8B163DD5-73E6-4CC5-8F86-ABC9904AF25F}
	EndGlobalSection
EndGlobal
